github.com/darimm/AOCFunctions v0.0.1 h1:uQZldDZtg1uiYDcACixklY+fp9trd5/RTXWSwuVUV5M=
github.com/darimm/AOCFunctions v0.0.1/go.mod h1:Xs4MikHpY8WTp/zt7QUslM++7AiIyG35CghIOd56Les=
github.com/darimm/AOCFunctions v0.0.2-0.20211205154030-d5129079a166 h1:lGxiY4TBQFDd+Lrcu+bXF4SJhqUkA3inYIlAr+4MLZ4=
github.com/darimm/AOCFunctions v0.0.2-0.20211205154030-d5129079a166/go.mod h1:Xs4MikHpY8WTp/zt7QUslM++7AiIyG35CghIOd56Les=
